
Microsoft Visual Studio Solution File, Format Version 12.00
# Visual Studio Version 17
VisualStudioVersion = 17.3.32929.385
MinimumVisualStudioVersion = 10.0.40219.1
Project("{FAE04EC0-301F-11D3-BF4B-00C04F79EFBC}") = "OnePageProject2", "OnePageProject2\OnePageProject2.csproj", "{06AA5897-9608-4A58-B23B-3E802818CD4A}"
EndProject
Global
	GlobalSection(SolutionConfigurationPlatforms) = preSolution
		Debug|Any CPU = Debug|Any CPU
		Release|Any CPU = Release|Any CPU
	EndGlobalSection
	GlobalSection(ProjectConfigurationPlatforms) = postSolution
		{06AA5897-9608-4A58-B23B-3E802818CD4A}.Debug|Any CPU.ActiveCfg = Debug|Any CPU
		{06AA5897-9608-4A58-B23B-3E802818CD4A}.Debug|Any CPU.Build.0 = Debug|Any CPU
		{06AA5897-9608-4A58-B23B-3E802818CD4A}.Release|Any CPU.ActiveCfg = Release|Any CPU
		{06AA5897-9608-4A58-B23B-3E802818CD4A}.Release|Any CPU.Build.0 = Release|Any CPU
	EndGlobalSection
	GlobalSection(SolutionProperties) = preSolution
		HideSolutionNode = FALSE
	EndGlobalSection
	GlobalSection(ExtensibilityGlobals) = postSolution
		SolutionGuid = {1542EFD6-9A6A-400D-A9A4-2003388CD6F7}
	EndGlobalSection
EndGlobal
